<Solution>
  <Folder Name="/Itens de Solução/">
    <File Path="README.md" />
  </Folder>
  <Folder Name="/src/" />
  <Folder Name="/src/GeometricProps/">
    <Project Path="src/GeometricProps.Domain/GeometricProps.Domain.csproj" />
  </Folder>
  <Project Path="src/GeometricProps.Application/GeometricProps.Application.csproj" />
  <Project Path="tests/GeometricProps.Application.Tests/GeometricProps.Application.Tests.csproj" />
</Solution>
